
Microsoft Visual Studio Solution File, Format Version 12.00
# Visual Studio Version 17
VisualStudioVersion = 17.14.36414.22 d17.14
MinimumVisualStudioVersion = 10.0.40219.1
Project("{FAE04EC0-301F-11D3-BF4B-00C04F79EFBC}") = "BibliotecaPersonal", "Biblioteca personal\BibliotecaPersonal.csproj", "{EB796598-D517-45F5-BE90-3C58FE040303}"
EndProject
Global
	GlobalSection(SolutionConfigurationPlatforms) = preSolution
		Debug|Any CPU = Debug|Any CPU
		Release|Any CPU = Release|Any CPU
	EndGlobalSection
	GlobalSection(ProjectConfigurationPlatforms) = postSolution
		{EB796598-D517-45F5-BE90-3C58FE040303}.Debug|Any CPU.ActiveCfg = Debug|Any CPU
		{EB796598-D517-45F5-BE90-3C58FE040303}.Debug|Any CPU.Build.0 = Debug|Any CPU
		{EB796598-D517-45F5-BE90-3C58FE040303}.Release|Any CPU.ActiveCfg = Release|Any CPU
		{EB796598-D517-45F5-BE90-3C58FE040303}.Release|Any CPU.Build.0 = Release|Any CPU
	EndGlobalSection
	GlobalSection(SolutionProperties) = preSolution
		HideSolutionNode = FALSE
	EndGlobalSection
	GlobalSection(ExtensibilityGlobals) = postSolution
		SolutionGuid = {5BACB2C0-7657-473E-9308-841A3DA96BE4}
	EndGlobalSection
EndGlobal
